<?xml version="1.0" encoding="utf-8"?>
<Project ToolsVersion="4.0" xmlns="http://schemas.microsoft.com/developer/msbuild/2003">
  <ItemGroup>
    <Filter Include="リソース ファイル">
      <UniqueIdentifier>{67DA6AB6-F800-4c08-8B7A-83BB121AAD01}</UniqueIdentifier>
      <Extensions>rc;ico;cur;bmp;dlg;rc2;rct;bin;rgs;gif;jpg;jpeg;jpe;resx;tiff;tif;png;wav;mfcribbon-ms</Extensions>
    </Filter>
    <Filter Include="Source">
      <UniqueIdentifier>{4FC737F1-C7A5-4376-A066-2A32D752A2FF}</UniqueIdentifier>
      <Extensions>cpp;c;cc;cxx;c++;def;odl;idl;hpj;bat;asm;asmx</Extensions>
    </Filter>
    <Filter Include="Source\Audio">
      <UniqueIdentifier>{1288fcc7-4199-49f6-a125-0bd0315b90e4}</UniqueIdentifier>
    </Filter>
    <Filter Include="Source\Graphics">
      <UniqueIdentifier>{78463174-8c76-46b8-a7b6-add9933c5b8b}</UniqueIdentifier>
    </Filter>
    <Filter Include="Source\Math">
      <UniqueIdentifier>{8565d6d8-cd5f-4070-b7aa-473e0008ab06}</UniqueIdentifier>
    </Filter>
    <Filter Include="Source\Template">
      <UniqueIdentifier>{e8e592f7-3a74-4c61-9b0f-5baf8fd7f644}</UniqueIdentifier>
    </Filter>
    <Filter Include="Source\Input">
      <UniqueIdentifier>{2ac9daf1-b21a-4b07-8548-ccbf39ff3c83}</UniqueIdentifier>
    </Filter>
    <Filter Include="Source\Input\Device">
      <UniqueIdentifier>{ee909919-932c-401b-aeab-29bbdcacda27}</UniqueIdentifier>
    </Filter>
    <Filter Include="Source\Input\Controller">
      <UniqueIdentifier>{67788bc0-5abc-46c0-b4c9-f718b3772f9e}</UniqueIdentifier>
    </Filter>
    <Filter Include="Source\EGEG">
      <UniqueIdentifier>{30e7aa0c-e6b9-4e30-ac79-a89234e76589}</UniqueIdentifier>
    </Filter>
    <Filter Include="Source\Windows">
      <UniqueIdentifier>{0518a580-a6b3-42ff-ba73-d5a116d80ec4}</UniqueIdentifier>
    </Filter>
    <Filter Include="Source\Physics">
      <UniqueIdentifier>{1bc8ad90-51f4-4e05-a03d-1ff085ec0f79}</UniqueIdentifier>
    </Filter>
  </ItemGroup>
  <ItemGroup>
    <ClInclude Include="event_container.hpp">
      <Filter>Source\Template</Filter>
    </ClInclude>
    <ClInclude Include="id.hpp">
      <Filter>Source\Template</Filter>
    </ClInclude>
    <ClInclude Include="noncopyable.hpp">
      <Filter>Source\Template</Filter>
    </ClInclude>
    <ClInclude Include="task_manager.hpp">
      <Filter>Source\Template</Filter>
    </ClInclude>
    <ClInclude Include="field.hpp">
      <Filter>Source\Template</Filter>
    </ClInclude>
    <ClInclude Include="property.hpp">
      <Filter>Source\Template</Filter>
    </ClInclude>
    <ClInclude Include="result.hpp">
      <Filter>Source\Template</Filter>
    </ClInclude>
    <ClInclude Include="utility_function.hpp">
      <Filter>Source\Template</Filter>
    </ClInclude>
    <ClInclude Include="angle.hpp">
      <Filter>Source\Math</Filter>
    </ClInclude>
    <ClInclude Include="mvector.hpp">
      <Filter>Source\Math</Filter>
    </ClInclude>
    <ClInclude Include="mmatrix.hpp">
      <Filter>Source\Math</Filter>
    </ClInclude>
    <ClInclude Include="mvector_calc.hpp">
      <Filter>Source\Math</Filter>
    </ClInclude>
    <ClInclude Include="mmatrix_calc.hpp">
      <Filter>Source\Math</Filter>
    </ClInclude>
    <ClInclude Include="egeg_math.hpp">
      <Filter>Source\Math</Filter>
    </ClInclude>
    <ClInclude Include="xinput_gamepad.hpp">
      <Filter>Source\Input\Device</Filter>
    </ClInclude>
    <ClInclude Include="input_device.hpp">
      <Filter>Source\Input\Device</Filter>
    </ClInclude>
    <ClInclude Include="input_state.hpp">
      <Filter>Source\Input\Device</Filter>
    </ClInclude>
    <ClInclude Include="keyboard.hpp">
      <Filter>Source\Input\Device</Filter>
    </ClInclude>
    <ClInclude Include="controller.hpp">
      <Filter>Source\Input\Controller</Filter>
    </ClInclude>
    <ClInclude Include="xinput_controller.hpp">
      <Filter>Source\Input\Controller</Filter>
    </ClInclude>
    <ClInclude Include="keyboard_controller.hpp">
      <Filter>Source\Input\Controller</Filter>
    </ClInclude>
    <ClInclude Include="input_manager.hpp">
      <Filter>Source\Input</Filter>
    </ClInclude>
    <ClInclude Include="easy_engine.hpp">
      <Filter>Source\EGEG</Filter>
    </ClInclude>
    <ClInclude Include="egeg.hpp">
      <Filter>Source\EGEG</Filter>
    </ClInclude>
    <ClInclude Include="time.hpp">
      <Filter>Source\EGEG</Filter>
    </ClInclude>
    <ClInclude Include="update_manager.hpp">
      <Filter>Source\EGEG</Filter>
    </ClInclude>
    <ClInclude Include="texture.hpp">
      <Filter>Source\Graphics</Filter>
    </ClInclude>
    <ClInclude Include="graphic_manager.hpp">
      <Filter>Source\Graphics</Filter>
    </ClInclude>
    <ClInclude Include="window_manager.hpp">
      <Filter>Source\Windows</Filter>
    </ClInclude>
    <ClInclude Include="egeg_state.hpp">
      <Filter>Source\EGEG</Filter>
    </ClInclude>
    <ClInclude Include="layer.hpp">
      <Filter>Source\Graphics</Filter>
    </ClInclude>
    <ClInclude Include="update_order.hpp">
      <Filter>Source\EGEG</Filter>
    </ClInclude>
    <ClInclude Include="constant_buffer.hpp">
      <Filter>Source\Graphics</Filter>
    </ClInclude>
    <ClInclude Include="vertex_shader.hpp">
      <Filter>Source\Graphics</Filter>
    </ClInclude>
    <ClInclude Include="pixel_shader.hpp">
      <Filter>Source\Graphics</Filter>
    </ClInclude>
    <ClInclude Include="shader_slot.hpp">
      <Filter>Source\Graphics</Filter>
    </ClInclude>
    <ClInclude Include="shader_common.hpp">
      <Filter>Source\Graphics</Filter>
    </ClInclude>
    <ClInclude Include="scene_state.hpp">
      <Filter>Source\Graphics</Filter>
    </ClInclude>
    <ClInclude Include="vertex_buffer.hpp">
      <Filter>Source\Graphics</Filter>
    </ClInclude>
    <ClInclude Include="index_buffer.hpp">
      <Filter>Source\Graphics</Filter>
    </ClInclude>
    <ClInclude Include="render_mesh.hpp">
      <Filter>Source\Graphics</Filter>
    </ClInclude>
    <ClInclude Include="geometry_shader.hpp">
      <Filter>Source\Graphics</Filter>
    </ClInclude>
    <ClInclude Include="depth_stencil_texture.hpp">
      <Filter>Source\Graphics</Filter>
    </ClInclude>
    <ClInclude Include="texture_resource.hpp">
      <Filter>Source\Graphics</Filter>
    </ClInclude>
    <ClInclude Include="blend_state.hpp">
      <Filter>Source\Graphics</Filter>
    </ClInclude>
    <ClInclude Include="color.hpp">
      <Filter>Source\Graphics</Filter>
    </ClInclude>
    <ClInclude Include="sampler_state.hpp">
      <Filter>Source\Graphics</Filter>
    </ClInclude>
  </ItemGroup>
  <ItemGroup>
    <ClCompile Include="main.cpp">
      <Filter>Source</Filter>
    </ClCompile>
    <ClCompile Include="keyboard.cpp">
      <Filter>Source\Input\Device</Filter>
    </ClCompile>
    <ClCompile Include="xinput_gamepad.cpp">
      <Filter>Source\Input\Device</Filter>
    </ClCompile>
    <ClCompile Include="input_manager.cpp">
      <Filter>Source\Input</Filter>
    </ClCompile>
    <ClCompile Include="easy_engine.cpp">
      <Filter>Source\EGEG</Filter>
    </ClCompile>
    <ClCompile Include="graphic_manager.cpp">
      <Filter>Source\Graphics</Filter>
    </ClCompile>
    <ClCompile Include="window_manager.cpp">
      <Filter>Source\Windows</Filter>
    </ClCompile>
    <ClCompile Include="texture.cpp">
      <Filter>Source\Graphics</Filter>
    </ClCompile>
    <ClCompile Include="layer.cpp">
      <Filter>Source\Graphics</Filter>
    </ClCompile>
    <ClCompile Include="constant_buffer.cpp">
      <Filter>Source\Graphics</Filter>
    </ClCompile>
    <ClCompile Include="vertex_shader.cpp">
      <Filter>Source\Graphics</Filter>
    </ClCompile>
    <ClCompile Include="pixel_shader.cpp">
      <Filter>Source\Graphics</Filter>
    </ClCompile>
    <ClCompile Include="shader_common.cpp">
      <Filter>Source\Graphics</Filter>
    </ClCompile>
    <ClCompile Include="vertex_buffer.cpp">
      <Filter>Source\Graphics</Filter>
    </ClCompile>
    <ClCompile Include="index_buffer.cpp">
      <Filter>Source\Graphics</Filter>
    </ClCompile>
    <ClCompile Include="geometry_shader.cpp">
      <Filter>Source\Graphics</Filter>
    </ClCompile>
    <ClCompile Include="texture_resource.cpp">
      <Filter>Source\Graphics</Filter>
    </ClCompile>
    <ClCompile Include="depth_stencil_texture.cpp">
      <Filter>Source\Graphics</Filter>
    </ClCompile>
    <ClCompile Include="blend_state.cpp">
      <Filter>Source\Graphics</Filter>
    </ClCompile>
    <ClCompile Include="sampler_state.cpp">
      <Filter>Source\Graphics</Filter>
    </ClCompile>
  </ItemGroup>
</Project>