<?xml version="1.0" encoding="utf-8"?>
<Project ToolsVersion="4.0" xmlns="http://schemas.microsoft.com/developer/msbuild/2003">
  <ItemGroup>
    <Filter Include="リソース ファイル">
      <UniqueIdentifier>{67DA6AB6-F800-4c08-8B7A-83BB121AAD01}</UniqueIdentifier>
      <Extensions>rc;ico;cur;bmp;dlg;rc2;rct;bin;rgs;gif;jpg;jpeg;jpe;resx;tiff;tif;png;wav;mfcribbon-ms</Extensions>
    </Filter>
    <Filter Include="EGEG">
      <UniqueIdentifier>{4FC737F1-C7A5-4376-A066-2A32D752A2FF}</UniqueIdentifier>
      <Extensions>cpp;c;cc;cxx;c++;def;odl;idl;hpj;bat;asm;asmx</Extensions>
    </Filter>
    <Filter Include="EGEG\Audio">
      <UniqueIdentifier>{1288fcc7-4199-49f6-a125-0bd0315b90e4}</UniqueIdentifier>
    </Filter>
    <Filter Include="EGEG\Graphics">
      <UniqueIdentifier>{78463174-8c76-46b8-a7b6-add9933c5b8b}</UniqueIdentifier>
    </Filter>
    <Filter Include="EGEG\Math">
      <UniqueIdentifier>{8565d6d8-cd5f-4070-b7aa-473e0008ab06}</UniqueIdentifier>
    </Filter>
    <Filter Include="EGEG\Template">
      <UniqueIdentifier>{e8e592f7-3a74-4c61-9b0f-5baf8fd7f644}</UniqueIdentifier>
    </Filter>
    <Filter Include="EGEG\Input">
      <UniqueIdentifier>{2ac9daf1-b21a-4b07-8548-ccbf39ff3c83}</UniqueIdentifier>
    </Filter>
  </ItemGroup>
  <ItemGroup>
    <ClInclude Include="event_container.hpp">
      <Filter>EGEG\Template</Filter>
    </ClInclude>
    <ClInclude Include="id.hpp">
      <Filter>EGEG\Template</Filter>
    </ClInclude>
    <ClInclude Include="egeg.hpp">
      <Filter>EGEG</Filter>
    </ClInclude>
    <ClInclude Include="noncopyable.hpp">
      <Filter>EGEG\Template</Filter>
    </ClInclude>
    <ClInclude Include="task_manager.hpp">
      <Filter>EGEG\Template</Filter>
    </ClInclude>
    <ClInclude Include="field.hpp">
      <Filter>EGEG\Template</Filter>
    </ClInclude>
    <ClInclude Include="property.hpp">
      <Filter>EGEG\Template</Filter>
    </ClInclude>
    <ClInclude Include="result.hpp">
      <Filter>EGEG\Template</Filter>
    </ClInclude>
    <ClInclude Include="utility_function.hpp">
      <Filter>EGEG\Template</Filter>
    </ClInclude>
    <ClInclude Include="angle.hpp">
      <Filter>EGEG\Math</Filter>
    </ClInclude>
    <ClInclude Include="mvector.hpp">
      <Filter>EGEG\Math</Filter>
    </ClInclude>
    <ClInclude Include="mmatrix.hpp">
      <Filter>EGEG\Math</Filter>
    </ClInclude>
    <ClInclude Include="mvector_calc.hpp">
      <Filter>EGEG\Math</Filter>
    </ClInclude>
    <ClInclude Include="mmatrix_calc.hpp">
      <Filter>EGEG\Math</Filter>
    </ClInclude>
    <ClInclude Include="egeg_math.hpp">
      <Filter>EGEG\Math</Filter>
    </ClInclude>
  </ItemGroup>
</Project>